
Microsoft Visual Studio Solution File, Format Version 12.00
# Visual Studio Version 17
VisualStudioVersion = 17.7.34031.279
MinimumVisualStudioVersion = 10.0.40219.1
Project("{FAE04EC0-301F-11D3-BF4B-00C04F79EFBC}") = "Reversi", "Reversi\Reversi.csproj", "{98F32C12-77D9-4DE4-81A8-B68F0B271432}"
EndProject
Global
	GlobalSection(SolutionConfigurationPlatforms) = preSolution
		Debug|Any CPU = Debug|Any CPU
		Release|Any CPU = Release|Any CPU
	EndGlobalSection
	GlobalSection(ProjectConfigurationPlatforms) = postSolution
		{98F32C12-77D9-4DE4-81A8-B68F0B271432}.Debug|Any CPU.ActiveCfg = Debug|Any CPU
		{98F32C12-77D9-4DE4-81A8-B68F0B271432}.Debug|Any CPU.Build.0 = Debug|Any CPU
		{98F32C12-77D9-4DE4-81A8-B68F0B271432}.Release|Any CPU.ActiveCfg = Release|Any CPU
		{98F32C12-77D9-4DE4-81A8-B68F0B271432}.Release|Any CPU.Build.0 = Release|Any CPU
	EndGlobalSection
	GlobalSection(SolutionProperties) = preSolution
		HideSolutionNode = FALSE
	EndGlobalSection
	GlobalSection(ExtensibilityGlobals) = postSolution
		SolutionGuid = {065F85AF-CB85-41F9-9B4E-9E7A758A85C1}
	EndGlobalSection
EndGlobal
